
Microsoft Visual Studio Solution File, Format Version 12.00
# Visual Studio Version 16
VisualStudioVersion = 16.0.33801.447
MinimumVisualStudioVersion = 10.0.40219.1
Project("{FAE04EC0-301F-11D3-BF4B-00C04F79EFBC}") = "WeatherTracker", "WeatherTracker\WeatherTracker.csproj", "{1342CC6A-EFB2-46E1-B604-8CF2B54ABB6D}"
EndProject
Project("{FAE04EC0-301F-11D3-BF4B-00C04F79EFBC}") = "WeatherTrackerService", "WeatherTrackerService\WeatherTrackerService.csproj", "{3050E3A0-86BA-4AB4-8916-2573BE21F94E}"
EndProject
Global
	GlobalSection(SolutionConfigurationPlatforms) = preSolution
		Debug|Any CPU = Debug|Any CPU
		Release|Any CPU = Release|Any CPU
	EndGlobalSection
	GlobalSection(ProjectConfigurationPlatforms) = postSolution
		{1342CC6A-EFB2-46E1-B604-8CF2B54ABB6D}.Debug|Any CPU.ActiveCfg = Debug|Any CPU
		{1342CC6A-EFB2-46E1-B604-8CF2B54ABB6D}.Debug|Any CPU.Build.0 = Debug|Any CPU
		{1342CC6A-EFB2-46E1-B604-8CF2B54ABB6D}.Release|Any CPU.ActiveCfg = Release|Any CPU
		{1342CC6A-EFB2-46E1-B604-8CF2B54ABB6D}.Release|Any CPU.Build.0 = Release|Any CPU
		{3050E3A0-86BA-4AB4-8916-2573BE21F94E}.Debug|Any CPU.ActiveCfg = Debug|Any CPU
		{3050E3A0-86BA-4AB4-8916-2573BE21F94E}.Debug|Any CPU.Build.0 = Debug|Any CPU
		{3050E3A0-86BA-4AB4-8916-2573BE21F94E}.Release|Any CPU.ActiveCfg = Release|Any CPU
		{3050E3A0-86BA-4AB4-8916-2573BE21F94E}.Release|Any CPU.Build.0 = Release|Any CPU
	EndGlobalSection
	GlobalSection(SolutionProperties) = preSolution
		HideSolutionNode = FALSE
	EndGlobalSection
	GlobalSection(ExtensibilityGlobals) = postSolution
		SolutionGuid = {A438778D-C546-497C-8874-61A66C8E4049}
	EndGlobalSection
EndGlobal
